version = "0.6.5"
home = "/Users/eric"
config_dir = "/Users/eric/.sheldon"
data_dir = "/Users/eric/.sheldon"
config_file = "/Users/eric/.sheldon/plugins.toml"
lock_file = "/Users/eric/.sheldon/plugins.lock"
clone_dir = "/Users/eric/.sheldon/repos"
download_dir = "/Users/eric/.sheldon/downloads"

[[plugins]]
name = "promptinit"
raw = "autoload -U promptinit; promptinit"

[[plugins]]
name = "syntax-highlighting"
source_dir = "/Users/eric/.sheldon/repos/github.com/zdharma/fast-syntax-highlighting"
files = ["/Users/eric/.sheldon/repos/github.com/zdharma/fast-syntax-highlighting/fast-syntax-highlighting.plugin.zsh"]
apply = ["source"]

[[plugins]]
name = "history-substring-search"
source_dir = "/Users/eric/.sheldon/repos/github.com/zsh-users/zsh-history-substring-search"
files = ["/Users/eric/.sheldon/repos/github.com/zsh-users/zsh-history-substring-search/zsh-history-substring-search.plugin.zsh"]
apply = ["source"]

[[plugins]]
name = "history-fzy"
source_dir = "/Users/eric/.sheldon/repos/gist.github.com/86f13a0aff12b9a31efb083946a500cb"
files = ["/Users/eric/.sheldon/repos/gist.github.com/86f13a0aff12b9a31efb083946a500cb/history-fzy.zsh"]
apply = ["source"]

[[plugins]]
name = "enhancd"
source_dir = "/Users/eric/.sheldon/repos/github.com/b4b4r07/enhancd"
files = ["/Users/eric/.sheldon/repos/github.com/b4b4r07/enhancd/enhancd.plugin.zsh"]
apply = ["source"]

[[plugins]]
name = "asdf"
source_dir = "/usr/local/opt/asdf/libexec"
files = ["/usr/local/opt/asdf/libexec/asdf.sh", "/usr/local/opt/asdf/libexec/lib/asdf.sh"]
apply = ["source"]

[[plugins]]
name = "docker"
source_dir = "/Users/eric/.sheldon/repos/github.com/robbyrussell/oh-my-zsh"
plugin_dir = "/Users/eric/.sheldon/repos/github.com/robbyrussell/oh-my-zsh/plugins/docker"
files = []
apply = ["fpath"]

[[plugins]]
name = "docker-compose"
source_dir = "/Users/eric/.sheldon/repos/github.com/robbyrussell/oh-my-zsh"
plugin_dir = "/Users/eric/.sheldon/repos/github.com/robbyrussell/oh-my-zsh/plugins/docker-compose"
files = ["/Users/eric/.sheldon/repos/github.com/robbyrussell/oh-my-zsh/plugins/docker-compose/docker-compose.plugin.zsh"]
apply = ["source", "fpath"]

[[plugins]]
name = "compinit"
raw = "compinit"

[[plugins]]
name = "dotfiles"
source_dir = "/Users/eric/.zsh"
files = ["/Users/eric/.zsh/alias.zsh", "/Users/eric/.zsh/docker.zsh", "/Users/eric/.zsh/git.zsh", "/Users/eric/.zsh/history.zsh", "/Users/eric/.zsh/utils.zsh"]
apply = ["source"]

[[plugins]]
name = "brew-completions"
source_dir = "/usr/local/etc/bash_completion.d"
files = ["/usr/local/etc/bash_completion.d/git-prompt.sh", "/usr/local/etc/bash_completion.d/hugo.sh"]
apply = ["fpath"]

[[plugins]]
name = "wd"
source_dir = "/Users/eric/.sheldon/repos/github.com/mfaerevaag/wd"
files = ["/Users/eric/.sheldon/repos/github.com/mfaerevaag/wd/wd.plugin.zsh"]
apply = ["source"]
[templates.PATH]
value = "export PATH=\"{{ dir }}:$PATH\""
each = false

[templates.path]
value = "path=( \"{{ dir }}\" $path )"
each = false

[templates.fpath]
value = "fpath=( \"{{ dir }}\" $fpath )"
each = false

[templates.source]
value = "source \"{{ file }}\""
each = true
